// !$*UTF8*$!
{
	archiveVersion = 1;
	classes = {
	};
	objectVersion = 46;
	objects = {

/* Begin PBXBuildFile section */
		046075D61CEC4A5400194325 /* AppDelegate.swift in Sources */ = {isa = PBXBuildFile; fileRef = 046075D51CEC4A5400194325 /* AppDelegate.swift */; };
		046075D81CEC4A5400194325 /* ViewController.swift in Sources */ = {isa = PBXBuildFile; fileRef = 046075D71CEC4A5400194325 /* ViewController.swift */; };
		046075DB1CEC4A5400194325 /* Main.storyboard in Resources */ = {isa = PBXBuildFile; fileRef = 046075D91CEC4A5400194325 /* Main.storyboard */; };
		046075DD1CEC4A5400194325 /* Assets.xcassets in Resources */ = {isa = PBXBuildFile; fileRef = 046075DC1CEC4A5400194325 /* Assets.xcassets */; };
		046075E01CEC4A5400194325 /* LaunchScreen.storyboard in Resources */ = {isa = PBXBuildFile; fileRef = 046075DE1CEC4A5400194325 /* LaunchScreen.storyboard */; };
		046075EB1CEC4A5400194325 /* QuartzFunTests.swift in Sources */ = {isa = PBXBuildFile; fileRef = 046075EA1CEC4A5400194325 /* QuartzFunTests.swift */; };
		046075F61CEC4A5400194325 /* QuartzFunUITests.swift in Sources */ = {isa = PBXBuildFile; fileRef = 046075F51CEC4A5400194325 /* QuartzFunUITests.swift */; };
		046076061CEC4A9600194325 /* QuartzFunView.swift in Sources */ = {isa = PBXBuildFile; fileRef = 046076051CEC4A9600194325 /* QuartzFunView.swift */; };
/* End PBXBuildFile section */

/* Begin PBXContainerItemProxy section */
		046075E71CEC4A5400194325 /* PBXContainerItemProxy */ = {
			isa = PBXContainerItemProxy;
			containerPortal = 046075CA1CEC4A5400194325 /* Project object */;
			proxyType = 1;
			remoteGlobalIDString = 046075D11CEC4A5400194325;
			remoteInfo = QuartzFun;
		};
		046075F21CEC4A5400194325 /* PBXContainerItemProxy */ = {
			isa = PBXContainerItemProxy;
			containerPortal = 046075CA1CEC4A5400194325 /* Project object */;
			proxyType = 1;
			remoteGlobalIDString = 046075D11CEC4A5400194325;
			remoteInfo = QuartzFun;
		};
/* End PBXContainerItemProxy section */

/* Begin PBXFileReference section */
		046075D21CEC4A5400194325 /* QuartzFun.app */ = {isa = PBXFileReference; explicitFileType = wrapper.application; includeInIndex = 0; path = QuartzFun.app; sourceTree = BUILT_PRODUCTS_DIR; };
		046075D51CEC4A5400194325 /* AppDelegate.swift */ = {isa = PBXFileReference; lastKnownFileType = sourcecode.swift; path = AppDelegate.swift; sourceTree = "<group>"; };
		046075D71CEC4A5400194325 /* ViewController.swift */ = {isa = PBXFileReference; lastKnownFileType = sourcecode.swift; path = ViewController.swift; sourceTree = "<group>"; };
		046075DA1CEC4A5400194325 /* Base */ = {isa = PBXFileReference; lastKnownFileType = file.storyboard; name = Base; path = Base.lproj/Main.storyboard; sourceTree = "<group>"; };
		046075DC1CEC4A5400194325 /* Assets.xcassets */ = {isa = PBXFileReference; lastKnownFileType = folder.assetcatalog; path = Assets.xcassets; sourceTree = "<group>"; };
		046075DF1CEC4A5400194325 /* Base */ = {isa = PBXFileReference; lastKnownFileType = file.storyboard; name = Base; path = Base.lproj/LaunchScreen.storyboard; sourceTree = "<group>"; };
		046075E11CEC4A5400194325 /* Info.plist */ = {isa = PBXFileReference; lastKnownFileType = text.plist.xml; path = Info.plist; sourceTree = "<group>"; };
		046075E61CEC4A5400194325 /* QuartzFunTests.xctest */ = {isa = PBXFileReference; explicitFileType = wrapper.cfbundle; includeInIndex = 0; path = QuartzFunTests.xctest; sourceTree = BUILT_PRODUCTS_DIR; };
		046075EA1CEC4A5400194325 /* QuartzFunTests.swift */ = {isa = PBXFileReference; lastKnownFileType = sourcecode.swift; path = QuartzFunTests.swift; sourceTree = "<group>"; };
		046075EC1CEC4A5400194325 /* Info.plist */ = {isa = PBXFileReference; lastKnownFileType = text.plist.xml; path = Info.plist; sourceTree = "<group>"; };
		046075F11CEC4A5400194325 /* QuartzFunUITests.xctest */ = {isa = PBXFileReference; explicitFileType = wrapper.cfbundle; includeInIndex = 0; path = QuartzFunUITests.xctest; sourceTree = BUILT_PRODUCTS_DIR; };
		046075F51CEC4A5400194325 /* QuartzFunUITests.swift */ = {isa = PBXFileReference; lastKnownFileType = sourcecode.swift; path = QuartzFunUITests.swift; sourceTree = "<group>"; };
		046075F71CEC4A5400194325 /* Info.plist */ = {isa = PBXFileReference; lastKnownFileType = text.plist.xml; path = Info.plist; sourceTree = "<group>"; };
		046076051CEC4A9600194325 /* QuartzFunView.swift */ = {isa = PBXFileReference; fileEncoding = 4; lastKnownFileType = sourcecode.swift; path = QuartzFunView.swift; sourceTree = SOURCE_ROOT; };
/* End PBXFileReference section */

/* Begin PBXFrameworksBuildPhase section */
		046075CF1CEC4A5400194325 /* Frameworks */ = {
			isa = PBXFrameworksBuildPhase;
			buildActionMask = 2147483647;
			files = (
			);
			runOnlyForDeploymentPostprocessing = 0;
		};
		046075E31CEC4A5400194325 /* Frameworks */ = {
			isa = PBXFrameworksBuildPhase;
			buildActionMask = 2147483647;
			files = (
			);
			runOnlyForDeploymentPostprocessing = 0;
		};
		046075EE1CEC4A5400194325 /* Frameworks */ = {
			isa = PBXFrameworksBuildPhase;
			buildActionMask = 2147483647;
			files = (
			);
			runOnlyForDeploymentPostprocessing = 0;
		};
/* End PBXFrameworksBuildPhase section */

/* Begin PBXGroup section */
		046075C91CEC4A5400194325 = {
			isa = PBXGroup;
			children = (
				046075D41CEC4A5400194325 /* QuartzFun */,
				046075E91CEC4A5400194325 /* QuartzFunTests */,
				046075F41CEC4A5400194325 /* QuartzFunUITests */,
				046075D31CEC4A5400194325 /* Products */,
			);
			sourceTree = "<group>";
		};
		046075D31CEC4A5400194325 /* Products */ = {
			isa = PBXGroup;
			children = (
				046075D21CEC4A5400194325 /* QuartzFun.app */,
				046075E61CEC4A5400194325 /* QuartzFunTests.xctest */,
				046075F11CEC4A5400194325 /* QuartzFunUITests.xctest */,
			);
			name = Products;
			sourceTree = "<group>";
		};
		046075D41CEC4A5400194325 /* QuartzFun */ = {
			isa = PBXGroup;
			children = (
				046075D51CEC4A5400194325 /* AppDelegate.swift */,
				046075D71CEC4A5400194325 /* ViewController.swift */,
				046076051CEC4A9600194325 /* QuartzFunView.swift */,
				046075D91CEC4A5400194325 /* Main.storyboard */,
				046075DC1CEC4A5400194325 /* Assets.xcassets */,
				046075DE1CEC4A5400194325 /* LaunchScreen.storyboard */,
				046075E11CEC4A5400194325 /* Info.plist */,
			);
			path = QuartzFun;
			sourceTree = "<group>";
		};
		046075E91CEC4A5400194325 /* QuartzFunTests */ = {
			isa = PBXGroup;
			children = (
				046075EA1CEC4A5400194325 /* QuartzFunTests.swift */,
				046075EC1CEC4A5400194325 /* Info.plist */,
			);
			path = QuartzFunTests;
			sourceTree = "<group>";
		};
		046075F41CEC4A5400194325 /* QuartzFunUITests */ = {
			isa = PBXGroup;
			children = (
				046075F51CEC4A5400194325 /* QuartzFunUITests.swift */,
				046075F71CEC4A5400194325 /* Info.plist */,
			);
			path = QuartzFunUITests;
			sourceTree = "<group>";
		};
/* End PBXGroup section */

/* Begin PBXNativeTarget section */
		046075D11CEC4A5400194325 /* QuartzFun */ = {
			isa = PBXNativeTarget;
			buildConfigurationList = 046075FA1CEC4A5400194325 /* Build configuration list for PBXNativeTarget "QuartzFun" */;
			buildPhases = (
				046075CE1CEC4A5400194325 /* Sources */,
				046075CF1CEC4A5400194325 /* Frameworks */,
				046075D01CEC4A5400194325 /* Resources */,
			);
			buildRules = (
			);
			dependencies = (
			);
			name = QuartzFun;
			productName = QuartzFun;
			productReference = 046075D21CEC4A5400194325 /* QuartzFun.app */;
			productType = "com.apple.product-type.application";
		};
		046075E51CEC4A5400194325 /* QuartzFunTests */ = {
			isa = PBXNativeTarget;
			buildConfigurationList = 046075FD1CEC4A5400194325 /* Build configuration list for PBXNativeTarget "QuartzFunTests" */;
			buildPhases = (
				046075E21CEC4A5400194325 /* Sources */,
				046075E31CEC4A5400194325 /* Frameworks */,
				046075E41CEC4A5400194325 /* Resources */,
			);
			buildRules = (
			);
			dependencies = (
				046075E81CEC4A5400194325 /* PBXTargetDependency */,
			);
			name = QuartzFunTests;
			productName = QuartzFunTests;
			productReference = 046075E61CEC4A5400194325 /* QuartzFunTests.xctest */;
			productType = "com.apple.product-type.bundle.unit-test";
		};
		046075F01CEC4A5400194325 /* QuartzFunUITests */ = {
			isa = PBXNativeTarget;
			buildConfigurationList = 046076001CEC4A5400194325 /* Build configuration list for PBXNativeTarget "QuartzFunUITests" */;
			buildPhases = (
				046075ED1CEC4A5400194325 /* Sources */,
				046075EE1CEC4A5400194325 /* Frameworks */,
				046075EF1CEC4A5400194325 /* Resources */,
			);
			buildRules = (
			);
			dependencies = (
				046075F31CEC4A5400194325 /* PBXTargetDependency */,
			);
			name = QuartzFunUITests;
			productName = QuartzFunUITests;
			productReference = 046075F11CEC4A5400194325 /* QuartzFunUITests.xctest */;
			productType = "com.apple.product-type.bundle.ui-testing";
		};
/* End PBXNativeTarget section */

/* Begin PBXProject section */
		046075CA1CEC4A5400194325 /* Project object */ = {
			isa = PBXProject;
			attributes = {
				LastSwiftUpdateCheck = 0730;
				LastUpgradeCheck = 0730;
				ORGANIZATIONNAME = MAC;
				TargetAttributes = {
					046075D11CEC4A5400194325 = {
						CreatedOnToolsVersion = 7.3.1;
					};
					046075E51CEC4A5400194325 = {
						CreatedOnToolsVersion = 7.3.1;
						TestTargetID = 046075D11CEC4A5400194325;
					};
					046075F01CEC4A5400194325 = {
						CreatedOnToolsVersion = 7.3.1;
						TestTargetID = 046075D11CEC4A5400194325;
					};
				};
			};
			buildConfigurationList = 046075CD1CEC4A5400194325 /* Build configuration list for PBXProject "QuartzFun" */;
			compatibilityVersion = "Xcode 3.2";
			developmentRegion = English;
			hasScannedForEncodings = 0;
			knownRegions = (
				en,
				Base,
			);
			mainGroup = 046075C91CEC4A5400194325;
			productRefGroup = 046075D31CEC4A5400194325 /* Products */;
			projectDirPath = "";
			projectRoot = "";
			targets = (
				046075D11CEC4A5400194325 /* QuartzFun */,
				046075E51CEC4A5400194325 /* QuartzFunTests */,
				046075F01CEC4A5400194325 /* QuartzFunUITests */,
			);
		};
/* End PBXProject section */

/* Begin PBXResourcesBuildPhase section */
		046075D01CEC4A5400194325 /* Resources */ = {
			isa = PBXResourcesBuildPhase;
			buildActionMask = 2147483647;
			files = (
				046075E01CEC4A5400194325 /* LaunchScreen.storyboard in Resources */,
				046075DD1CEC4A5400194325 /* Assets.xcassets in Resources */,
				046075DB1CEC4A5400194325 /* Main.storyboard in Resources */,
			);
			runOnlyForDeploymentPostprocessing = 0;
		};
		046075E41CEC4A5400194325 /* Resources */ = {
			isa = PBXResourcesBuildPhase;
			buildActionMask = 2147483647;
			files = (
			);
			runOnlyForDeploymentPostprocessing = 0;
		};
		046075EF1CEC4A5400194325 /* Resources */ = {
			isa = PBXResourcesBuildPhase;
			buildActionMask = 2147483647;
			files = (
			);
			runOnlyForDeploymentPostprocessing = 0;
		};
/* End PBXResourcesBuildPhase section */

/* Begin PBXSourcesBuildPhase section */
		046075CE1CEC4A5400194325 /* Sources */ = {
			isa = PBXSourcesBuildPhase;
			buildActionMask = 2147483647;
			files = (
				046076061CEC4A9600194325 /* QuartzFunView.swift in Sources */,
				046075D81CEC4A5400194325 /* ViewController.swift in Sources */,
				046075D61CEC4A5400194325 /* AppDelegate.swift in Sources */,
			);
			runOnlyForDeploymentPostprocessing = 0;
		};
		046075E21CEC4A5400194325 /* Sources */ = {
			isa = PBXSourcesBuildPhase;
			buildActionMask = 2147483647;
			files = (
				046075EB1CEC4A5400194325 /* QuartzFunTests.swift in Sources */,
			);
			runOnlyForDeploymentPostprocessing = 0;
		};
		046075ED1CEC4A5400194325 /* Sources */ = {
			isa = PBXSourcesBuildPhase;
			buildActionMask = 2147483647;
			files = (
				046075F61CEC4A5400194325 /* QuartzFunUITests.swift in Sources */,
			);
			runOnlyForDeploymentPostprocessing = 0;
		};
/* End PBXSourcesBuildPhase section */

/* Begin PBXTargetDependency section */
		046075E81CEC4A5400194325 /* PBXTargetDependency */ = {
			isa = PBXTargetDependency;
			target = 046075D11CEC4A5400194325 /* QuartzFun */;
			targetProxy = 046075E71CEC4A5400194325 /* PBXContainerItemProxy */;
		};
		046075F31CEC4A5400194325 /* PBXTargetDependency */ = {
			isa = PBXTargetDependency;
			target = 046075D11CEC4A5400194325 /* QuartzFun */;
			targetProxy = 046075F21CEC4A5400194325 /* PBXContainerItemProxy */;
		};
/* End PBXTargetDependency section */

/* Begin PBXVariantGroup section */
		046075D91CEC4A5400194325 /* Main.storyboard */ = {
			isa = PBXVariantGroup;
			children = (
				046075DA1CEC4A5400194325 /* Base */,
			);
			name = Main.storyboard;
			sourceTree = "<group>";
		};
		046075DE1CEC4A5400194325 /* LaunchScreen.storyboard */ = {
			isa = PBXVariantGroup;
			children = (
				046075DF1CEC4A5400194325 /* Base */,
			);
			name = LaunchScreen.storyboard;
			sourceTree = "<group>";
		};
/* End PBXVariantGroup section */

/* Begin XCBuildConfiguration section */
		046075F81CEC4A5400194325 /* Debug */ = {
			isa = XCBuildConfiguration;
			buildSettings = {
				ALWAYS_SEARCH_USER_PATHS = NO;
				CLANG_ANALYZER_NONNULL = YES;
				CLANG_CXX_LANGUAGE_STANDARD = "gnu++0x";
				CLANG_CXX_LIBRARY = "libc++";
				CLANG_ENABLE_MODULES = YES;
				CLANG_ENABLE_OBJC_ARC = YES;
				CLANG_WARN_BOOL_CONVERSION = YES;
				CLANG_WARN_CONSTANT_CONVERSION = YES;
				CLANG_WARN_DIRECT_OBJC_ISA_USAGE = YES_ERROR;
				CLANG_WARN_EMPTY_BODY = YES;
				CLANG_WARN_ENUM_CONVERSION = YES;
				CLANG_WARN_INT_CONVERSION = YES;
				CLANG_WARN_OBJC_ROOT_CLASS = YES_ERROR;
				CLANG_WARN_UNREACHABLE_CODE = YES;
				CLANG_WARN__DUPLICATE_METHOD_MATCH = YES;
				"CODE_SIGN_IDENTITY[sdk=iphoneos*]" = "iPhone Developer";
				COPY_PHASE_STRIP = NO;
				DEBUG_INFORMATION_FORMAT = dwarf;
				ENABLE_STRICT_OBJC_MSGSEND = YES;
				ENABLE_TESTABILITY = YES;
				GCC_C_LANGUAGE_STANDARD = gnu99;
				GCC_DYNAMIC_NO_PIC = NO;
				GCC_NO_COMMON_BLOCKS = YES;
				GCC_OPTIMIZATION_LEVEL = 0;
				GCC_PREPROCESSOR_DEFINITIONS = (
					"DEBUG=1",
					"$(inherited)",
				);
				GCC_WARN_64_TO_32_BIT_CONVERSION = YES;
				GCC_WARN_ABOUT_RETURN_TYPE = YES_ERROR;
				GCC_WARN_UNDECLARED_SELECTOR = YES;
				GCC_WARN_UNINITIALIZED_AUTOS = YES_AGGRESSIVE;
				GCC_WARN_UNUSED_FUNCTION = YES;
				GCC_WARN_UNUSED_VARIABLE = YES;
				IPHONEOS_DEPLOYMENT_TARGET = 9.3;
				MTL_ENABLE_DEBUG_INFO = YES;
				ONLY_ACTIVE_ARCH = YES;
				SDKROOT = iphoneos;
				SWIFT_OPTIMIZATION_LEVEL = "-Onone";
			};
			name = Debug;
		};
		046075F91CEC4A5400194325 /* Release */ = {
			isa = XCBuildConfiguration;
			buildSettings = {
				ALWAYS_SEARCH_USER_PATHS = NO;
				CLANG_ANALYZER_NONNULL = YES;
				CLANG_CXX_LANGUAGE_STANDARD = "gnu++0x";
				CLANG_CXX_LIBRARY = "libc++";
				CLANG_ENABLE_MODULES = YES;
				CLANG_ENABLE_OBJC_ARC = YES;
				CLANG_WARN_BOOL_CONVERSION = YES;
				CLANG_WARN_CONSTANT_CONVERSION = YES;
				CLANG_WARN_DIRECT_OBJC_ISA_USAGE = YES_ERROR;
				CLANG_WARN_EMPTY_BODY = YES;
				CLANG_WARN_ENUM_CONVERSION = YES;
				CLANG_WARN_INT_CONVERSION = YES;
				CLANG_WARN_OBJC_ROOT_CLASS = YES_ERROR;
				CLANG_WARN_UNREACHABLE_CODE = YES;
				CLANG_WARN__DUPLICATE_METHOD_MATCH = YES;
				"CODE_SIGN_IDENTITY[sdk=iphoneos*]" = "iPhone Developer";
				COPY_PHASE_STRIP = NO;
				DEBUG_INFORMATION_FORMAT = "dwarf-with-dsym";
				ENABLE_NS_ASSERTIONS = NO;
				ENABLE_STRICT_OBJC_MSGSEND = YES;
				GCC_C_LANGUAGE_STANDARD = gnu99;
				GCC_NO_COMMON_BLOCKS = YES;
				GCC_WARN_64_TO_32_BIT_CONVERSION = YES;
				GCC_WARN_ABOUT_RETURN_TYPE = YES_ERROR;
				GCC_WARN_UNDECLARED_SELECTOR = YES;
				GCC_WARN_UNINITIALIZED_AUTOS = YES_AGGRESSIVE;
				GCC_WARN_UNUSED_FUNCTION = YES;
				GCC_WARN_UNUSED_VARIABLE = YES;
				IPHONEOS_DEPLOYMENT_TARGET = 9.3;
				MTL_ENABLE_DEBUG_INFO = NO;
				SDKROOT = iphoneos;
				VALIDATE_PRODUCT = YES;
			};
			name = Release;
		};
		046075FB1CEC4A5400194325 /* Debug */ = {
			isa = XCBuildConfiguration;
			buildSettings = {
				ASSETCATALOG_COMPILER_APPICON_NAME = AppIcon;
				INFOPLIST_FILE = QuartzFun/Info.plist;
				LD_RUNPATH_SEARCH_PATHS = "$(inherited) @executable_path/Frameworks";
				PRODUCT_BUNDLE_IDENTIFIER = CM.QuartzFun;
				PRODUCT_NAME = "$(TARGET_NAME)";
			};
			name = Debug;
		};
		046075FC1CEC4A5400194325 /* Release */ = {
			isa = XCBuildConfiguration;
			buildSettings = {
				ASSETCATALOG_COMPILER_APPICON_NAME = AppIcon;
				INFOPLIST_FILE = QuartzFun/Info.plist;
				LD_RUNPATH_SEARCH_PATHS = "$(inherited) @executable_path/Frameworks";
				PRODUCT_BUNDLE_IDENTIFIER = CM.QuartzFun;
				PRODUCT_NAME = "$(TARGET_NAME)";
			};
			name = Release;
		};
		046075FE1CEC4A5400194325 /* Debug */ = {
			isa = XCBuildConfiguration;
			buildSettings = {
				BUNDLE_LOADER = "$(TEST_HOST)";
				INFOPLIST_FILE = QuartzFunTests/Info.plist;
				LD_RUNPATH_SEARCH_PATHS = "$(inherited) @executable_path/Frameworks @loader_path/Frameworks";
				PRODUCT_BUNDLE_IDENTIFIER = CM.QuartzFunTests;
				PRODUCT_NAME = "$(TARGET_NAME)";
				TEST_HOST = "$(BUILT_PRODUCTS_DIR)/QuartzFun.app/QuartzFun";
			};
			name = Debug;
		};
		046075FF1CEC4A5400194325 /* Release */ = {
			isa = XCBuildConfiguration;
			buildSettings = {
				BUNDLE_LOADER = "$(TEST_HOST)";
				INFOPLIST_FILE = QuartzFunTests/Info.plist;
				LD_RUNPATH_SEARCH_PATHS = "$(inherited) @executable_path/Frameworks @loader_path/Frameworks";
				PRODUCT_BUNDLE_IDENTIFIER = CM.QuartzFunTests;
				PRODUCT_NAME = "$(TARGET_NAME)";
				TEST_HOST = "$(BUILT_PRODUCTS_DIR)/QuartzFun.app/QuartzFun";
			};
			name = Release;
		};
		046076011CEC4A5400194325 /* Debug */ = {
			isa = XCBuildConfiguration;
			buildSettings = {
				INFOPLIST_FILE = QuartzFunUITests/Info.plist;
				LD_RUNPATH_SEARCH_PATHS = "$(inherited) @executable_path/Frameworks @loader_path/Frameworks";
				PRODUCT_BUNDLE_IDENTIFIER = CM.QuartzFunUITests;
				PRODUCT_NAME = "$(TARGET_NAME)";
				TEST_TARGET_NAME = QuartzFun;
			};
			name = Debug;
		};
		046076021CEC4A5400194325 /* Release */ = {
			isa = XCBuildConfiguration;
			buildSettings = {
				INFOPLIST_FILE = QuartzFunUITests/Info.plist;
				LD_RUNPATH_SEARCH_PATHS = "$(inherited) @executable_path/Frameworks @loader_path/Frameworks";
				PRODUCT_BUNDLE_IDENTIFIER = CM.QuartzFunUITests;
				PRODUCT_NAME = "$(TARGET_NAME)";
				TEST_TARGET_NAME = QuartzFun;
			};
			name = Release;
		};
/* End XCBuildConfiguration section */

/* Begin XCConfigurationList section */
		046075CD1CEC4A5400194325 /* Build configuration list for PBXProject "QuartzFun" */ = {
			isa = XCConfigurationList;
			buildConfigurations = (
				046075F81CEC4A5400194325 /* Debug */,
				046075F91CEC4A5400194325 /* Release */,
			);
			defaultConfigurationIsVisible = 0;
			defaultConfigurationName = Release;
		};
		046075FA1CEC4A5400194325 /* Build configuration list for PBXNativeTarget "QuartzFun" */ = {
			isa = XCConfigurationList;
			buildConfigurations = (
				046075FB1CEC4A5400194325 /* Debug */,
				046075FC1CEC4A5400194325 /* Release */,
			);
			defaultConfigurationIsVisible = 0;
		};
		046075FD1CEC4A5400194325 /* Build configuration list for PBXNativeTarget "QuartzFunTests" */ = {
			isa = XCConfigurationList;
			buildConfigurations = (
				046075FE1CEC4A5400194325 /* Debug */,
				046075FF1CEC4A5400194325 /* Release */,
			);
			defaultConfigurationIsVisible = 0;
		};
		046076001CEC4A5400194325 /* Build configuration list for PBXNativeTarget "QuartzFunUITests" */ = {
			isa = XCConfigurationList;
			buildConfigurations = (
				046076011CEC4A5400194325 /* Debug */,
				046076021CEC4A5400194325 /* Release */,
			);
			defaultConfigurationIsVisible = 0;
		};
/* End XCConfigurationList section */
	};
	rootObject = 046075CA1CEC4A5400194325 /* Project object */;
}
